Microsoft Visual Studio Solution File, Format Version 11.00
# Visual Studio 2008

Project("{23864917-496E-CBF1-6023-96FFDEE16E7C}") = "GardenGlitch2D", "Assembly-CSharp-firstpass-vs.csproj", "{BACAA46B-DD77-E344-EA38-9213706B0291}"
EndProject
Project("{23864917-496E-CBF1-6023-96FFDEE16E7C}") = "GardenGlitch2D", "Assembly-CSharp-vs.csproj", "{8AD72C32-EED5-82E1-B638-77C9365044D8}"
EndProject
Project("{23864917-496E-CBF1-6023-96FFDEE16E7C}") = "GardenGlitch2D", "Assembly-CSharp-Editor-vs.csproj", "{DDA7210A-D460-F947-34F0-11355028B3E4}"
EndProject
Global
	GlobalSection(SolutionConfigurationPlatforms) = preSolution
		Debug|Any CPU = Debug|Any CPU
		Release|Any CPU = Release|Any CPU
	EndGlobalSection
	GlobalSection(ProjectConfigurationPlatforms) = postSolution
		{BACAA46B-DD77-E344-EA38-9213706B0291}.Debug|Any CPU.ActiveCfg = Debug|Any CPU
		{BACAA46B-DD77-E344-EA38-9213706B0291}.Debug|Any CPU.Build.0 = Debug|Any CPU
		{BACAA46B-DD77-E344-EA38-9213706B0291}.Release|Any CPU.ActiveCfg = Release|Any CPU
		{BACAA46B-DD77-E344-EA38-9213706B0291}.Release|Any CPU.Build.0 = Release|Any CPU
		{8AD72C32-EED5-82E1-B638-77C9365044D8}.Debug|Any CPU.ActiveCfg = Debug|Any CPU
		{8AD72C32-EED5-82E1-B638-77C9365044D8}.Debug|Any CPU.Build.0 = Debug|Any CPU
		{8AD72C32-EED5-82E1-B638-77C9365044D8}.Release|Any CPU.ActiveCfg = Release|Any CPU
		{8AD72C32-EED5-82E1-B638-77C9365044D8}.Release|Any CPU.Build.0 = Release|Any CPU
		{DDA7210A-D460-F947-34F0-11355028B3E4}.Debug|Any CPU.ActiveCfg = Debug|Any CPU
		{DDA7210A-D460-F947-34F0-11355028B3E4}.Debug|Any CPU.Build.0 = Debug|Any CPU
		{DDA7210A-D460-F947-34F0-11355028B3E4}.Release|Any CPU.ActiveCfg = Release|Any CPU
		{DDA7210A-D460-F947-34F0-11355028B3E4}.Release|Any CPU.Build.0 = Release|Any CPU
	EndGlobalSection
	GlobalSection(SolutionProperties) = preSolution
		HideSolutionNode = FALSE
	EndGlobalSection
						GlobalSection(MonoDevelopProperties) = preSolution
		StartupItem = Assembly-CSharp.csproj
		Policies = $0
		$0.TextStylePolicy = $1
		$1.inheritsSet = null
		$1.scope = text/x-csharp
		$0.CSharpFormattingPolicy = $2
		$2.inheritsSet = Mono
		$2.inheritsScope = text/x-csharp
		$2.scope = text/x-csharp
		$0.TextStylePolicy = $3
		$3.FileWidth = 120
		$3.TabWidth = 4
		$3.IndentWidth = 4
		$3.EolMarker = Unix
		$3.inheritsSet = Mono
		$3.inheritsScope = text/plain
		$3.scope = text/plain
	EndGlobalSection

EndGlobal
